
Microsoft Visual Studio Solution File, Format Version 12.00
# Visual Studio Version 16
VisualStudioVersion = 16.0.29926.136
MinimumVisualStudioVersion = 10.0.40219.1
Project("{FAE04EC0-301F-11D3-BF4B-00C04F79EFBC}") = "Caritas.Gestao.ServiceAPI", "Caritas.Gestao.ServiceAPI.csproj", "{A99A5DDE-11E6-4DE0-B20F-00FF4AEE8E49}"
EndProject
Global
	GlobalSection(SolutionConfigurationPlatforms) = preSolution
		Debug|Any CPU = Debug|Any CPU
		Release|Any CPU = Release|Any CPU
	EndGlobalSection
	GlobalSection(ProjectConfigurationPlatforms) = postSolution
		{A99A5DDE-11E6-4DE0-B20F-00FF4AEE8E49}.Debug|Any CPU.ActiveCfg = Debug|Any CPU
		{A99A5DDE-11E6-4DE0-B20F-00FF4AEE8E49}.Debug|Any CPU.Build.0 = Debug|Any CPU
		{A99A5DDE-11E6-4DE0-B20F-00FF4AEE8E49}.Release|Any CPU.ActiveCfg = Release|Any CPU
		{A99A5DDE-11E6-4DE0-B20F-00FF4AEE8E49}.Release|Any CPU.Build.0 = Release|Any CPU
	EndGlobalSection
	GlobalSection(SolutionProperties) = preSolution
		HideSolutionNode = FALSE
	EndGlobalSection
	GlobalSection(ExtensibilityGlobals) = postSolution
		SolutionGuid = {25C502E2-A1D2-466A-B35D-0E0D78CCC639}
	EndGlobalSection
EndGlobal
